// !$*UTF8*$!
{
	archiveVersion = 1;
	classes = {
	};
	objectVersion = 51;
	objects = {

/* Begin PBXBuildFile section */
		790BBEB925B758320039083E /* Extensions.swift in Sources */ = {isa = PBXBuildFile; fileRef = 790BBEB825B758320039083E /* Extensions.swift */; };
		7914997625D015C000B9B491 /* GoogleService-Info.plist in Resources */ = {isa = PBXBuildFile; fileRef = 7914997525D015C000B9B491 /* GoogleService-Info.plist */; };
		791F65C5259E177500ECD136 /* AppDelegate.swift in Sources */ = {isa = PBXBuildFile; fileRef = 791F65C4259E177500ECD136 /* AppDelegate.swift */; };
		791F65C7259E177500ECD136 /* SceneDelegate.swift in Sources */ = {isa = PBXBuildFile; fileRef = 791F65C6259E177500ECD136 /* SceneDelegate.swift */; };
		791F65C9259E177500ECD136 /* LoginViewController.swift in Sources */ = {isa = PBXBuildFile; fileRef = 791F65C8259E177500ECD136 /* LoginViewController.swift */; };
		791F65CC259E177500ECD136 /* Main.storyboard in Resources */ = {isa = PBXBuildFile; fileRef = 791F65CA259E177500ECD136 /* Main.storyboard */; };
		791F65CE259E177800ECD136 /* Assets.xcassets in Resources */ = {isa = PBXBuildFile; fileRef = 791F65CD259E177800ECD136 /* Assets.xcassets */; };
		791F65D1259E177800ECD136 /* LaunchScreen.storyboard in Resources */ = {isa = PBXBuildFile; fileRef = 791F65CF259E177800ECD136 /* LaunchScreen.storyboard */; };
		79304C5F25A9F25000E58CB4 /* PhotoCollectionViewController.swift in Sources */ = {isa = PBXBuildFile; fileRef = 79304C5E25A9F25000E58CB4 /* PhotoCollectionViewController.swift */; };
		79304C6225A9F28800E58CB4 /* PhotoCollectionViewCell.swift in Sources */ = {isa = PBXBuildFile; fileRef = 79304C6125A9F28800E58CB4 /* PhotoCollectionViewCell.swift */; };
		79304C6525AA35EE00E58CB4 /* FullPhotoCollectionViewCell.swift in Sources */ = {isa = PBXBuildFile; fileRef = 79304C6425AA35EE00E58CB4 /* FullPhotoCollectionViewCell.swift */; };
		79304C6825AA3DC400E58CB4 /* Photo.swift in Sources */ = {isa = PBXBuildFile; fileRef = 79304C6725AA3DC400E58CB4 /* Photo.swift */; };
		7956FF1E25A5C55D008274F4 /* GroupsTableViewController.swift in Sources */ = {isa = PBXBuildFile; fileRef = 7956FF1D25A5C55D008274F4 /* GroupsTableViewController.swift */; };
		7956FF2125A5C56C008274F4 /* NewGroupTableViewController.swift in Sources */ = {isa = PBXBuildFile; fileRef = 7956FF2025A5C56C008274F4 /* NewGroupTableViewController.swift */; };
		7956FF2425A5C589008274F4 /* GroupsTableViewCell.swift in Sources */ = {isa = PBXBuildFile; fileRef = 7956FF2325A5C589008274F4 /* GroupsTableViewCell.swift */; };
		7956FF2725A5C65E008274F4 /* Group.swift in Sources */ = {isa = PBXBuildFile; fileRef = 7956FF2625A5C65E008274F4 /* Group.swift */; };
		7956FF2A25A5D7CA008274F4 /* PhotoViewController.swift in Sources */ = {isa = PBXBuildFile; fileRef = 7956FF2925A5D7CA008274F4 /* PhotoViewController.swift */; };
		7956FF3325A62D81008274F4 /* VKSegue.swift in Sources */ = {isa = PBXBuildFile; fileRef = 7956FF3225A62D81008274F4 /* VKSegue.swift */; };
		7956FF3625A630B8008274F4 /* VKPopAnimator.swift in Sources */ = {isa = PBXBuildFile; fileRef = 7956FF3525A630B8008274F4 /* VKPopAnimator.swift */; };
		7956FF3C25A631B5008274F4 /* VKViewController.swift in Sources */ = {isa = PBXBuildFile; fileRef = 7956FF3B25A631B5008274F4 /* VKViewController.swift */; };
		7956FF4025A63363008274F4 /* VKTransition.swift in Sources */ = {isa = PBXBuildFile; fileRef = 7956FF3F25A63363008274F4 /* VKTransition.swift */; };
		7956FF4425A63558008274F4 /* VKPushAnimator.swift in Sources */ = {isa = PBXBuildFile; fileRef = 7956FF4325A63558008274F4 /* VKPushAnimator.swift */; };
		7965EA1325ACC239004BFB16 /* Session.swift in Sources */ = {isa = PBXBuildFile; fileRef = 7965EA1225ACC239004BFB16 /* Session.swift */; };
		796C0E4F25B4615F006037FD /* WebKit.framework in Frameworks */ = {isa = PBXBuildFile; fileRef = 796C0E4E25B4615F006037FD /* WebKit.framework */; };
		79ACECA7259F39F40024F414 /* Post.swift in Sources */ = {isa = PBXBuildFile; fileRef = 79ACECA6259F39F40024F414 /* Post.swift */; };
		79ACECB2259F41FE0024F414 /* FeedCollectionViewController.swift in Sources */ = {isa = PBXBuildFile; fileRef = 79ACECB1259F41FE0024F414 /* FeedCollectionViewController.swift */; };
		79ACECB5259F43570024F414 /* FeedCollectionViewCell.swift in Sources */ = {isa = PBXBuildFile; fileRef = 79ACECB4259F43570024F414 /* FeedCollectionViewCell.swift */; };
		79ACECB825A0B4C00024F414 /* FriendsTableViewController.swift in Sources */ = {isa = PBXBuildFile; fileRef = 79ACECB725A0B4C00024F414 /* FriendsTableViewController.swift */; };
		79ACECBB25A0B5070024F414 /* Friend.swift in Sources */ = {isa = PBXBuildFile; fileRef = 79ACECBA25A0B5070024F414 /* Friend.swift */; };
		79ACECBE25A0C59A0024F414 /* FriendsTableViewCell.swift in Sources */ = {isa = PBXBuildFile; fileRef = 79ACECBD25A0C59A0024F414 /* FriendsTableViewCell.swift */; };
		79ACECC125A36B0B0024F414 /* NewFriendsTableViewController.swift in Sources */ = {isa = PBXBuildFile; fileRef = 79ACECC025A36B0B0024F414 /* NewFriendsTableViewController.swift */; };
		79ACECCC25A38B510024F414 /* Loader.swift in Sources */ = {isa = PBXBuildFile; fileRef = 79ACECCB25A38B510024F414 /* Loader.swift */; };
		79E7109F25B455590059A41D /* NetworkService.swift in Sources */ = {isa = PBXBuildFile; fileRef = 79E7109E25B455590059A41D /* NetworkService.swift */; };
		79E710A525B459780059A41D /* VKWebViewController.swift in Sources */ = {isa = PBXBuildFile; fileRef = 79E710A425B459780059A41D /* VKWebViewController.swift */; };
		BFB896FB187859F25EE541FD /* Pods_VK_1.framework in Frameworks */ = {isa = PBXBuildFile; fileRef = 03D33A46522890FD8F289F89 /* Pods_VK_1.framework */; };
/* End PBXBuildFile section */

/* Begin PBXFileReference section */
		0143E18EA27ACA726CAAA9E0 /* Pods-VK-1.debug.xcconfig */ = {isa = PBXFileReference; includeInIndex = 1; lastKnownFileType = text.xcconfig; name = "Pods-VK-1.debug.xcconfig"; path = "Target Support Files/Pods-VK-1/Pods-VK-1.debug.xcconfig"; sourceTree = "<group>"; };
		03D33A46522890FD8F289F89 /* Pods_VK_1.framework */ = {isa = PBXFileReference; explicitFileType = wrapper.framework; includeInIndex = 0; path = Pods_VK_1.framework; sourceTree = BUILT_PRODUCTS_DIR; };
		790BBEB825B758320039083E /* Extensions.swift */ = {isa = PBXFileReference; lastKnownFileType = sourcecode.swift; path = Extensions.swift; sourceTree = "<group>"; };
		7914997525D015C000B9B491 /* GoogleService-Info.plist */ = {isa = PBXFileReference; fileEncoding = 4; lastKnownFileType = text.plist.xml; name = "GoogleService-Info.plist"; path = "../GoogleService-Info.plist"; sourceTree = "<group>"; };
		791F65C1259E177500ECD136 /* VK-1.app */ = {isa = PBXFileReference; explicitFileType = wrapper.application; includeInIndex = 0; path = "VK-1.app"; sourceTree = BUILT_PRODUCTS_DIR; };
		791F65C4259E177500ECD136 /* AppDelegate.swift */ = {isa = PBXFileReference; lastKnownFileType = sourcecode.swift; path = AppDelegate.swift; sourceTree = "<group>"; };
		791F65C6259E177500ECD136 /* SceneDelegate.swift */ = {isa = PBXFileReference; lastKnownFileType = sourcecode.swift; path = SceneDelegate.swift; sourceTree = "<group>"; };
		791F65C8259E177500ECD136 /* LoginViewController.swift */ = {isa = PBXFileReference; lastKnownFileType = sourcecode.swift; path = LoginViewController.swift; sourceTree = "<group>"; };
		791F65CB259E177500ECD136 /* Base */ = {isa = PBXFileReference; lastKnownFileType = file.storyboard; name = Base; path = Base.lproj/Main.storyboard; sourceTree = "<group>"; };
		791F65CD259E177800ECD136 /* Assets.xcassets */ = {isa = PBXFileReference; lastKnownFileType = folder.assetcatalog; path = Assets.xcassets; sourceTree = "<group>"; };
		791F65D0259E177800ECD136 /* Base */ = {isa = PBXFileReference; lastKnownFileType = file.storyboard; name = Base; path = Base.lproj/LaunchScreen.storyboard; sourceTree = "<group>"; };
		791F65D2259E177800ECD136 /* Info.plist */ = {isa = PBXFileReference; lastKnownFileType = text.plist.xml; path = Info.plist; sourceTree = "<group>"; };
		79304C5E25A9F25000E58CB4 /* PhotoCollectionViewController.swift */ = {isa = PBXFileReference; lastKnownFileType = sourcecode.swift; path = PhotoCollectionViewController.swift; sourceTree = "<group>"; };
		79304C6125A9F28800E58CB4 /* PhotoCollectionViewCell.swift */ = {isa = PBXFileReference; lastKnownFileType = sourcecode.swift; path = PhotoCollectionViewCell.swift; sourceTree = "<group>"; };
		79304C6425AA35EE00E58CB4 /* FullPhotoCollectionViewCell.swift */ = {isa = PBXFileReference; lastKnownFileType = sourcecode.swift; path = FullPhotoCollectionViewCell.swift; sourceTree = "<group>"; };
		79304C6725AA3DC400E58CB4 /* Photo.swift */ = {isa = PBXFileReference; lastKnownFileType = sourcecode.swift; path = Photo.swift; sourceTree = "<group>"; };
		7956FF1D25A5C55D008274F4 /* GroupsTableViewController.swift */ = {isa = PBXFileReference; lastKnownFileType = sourcecode.swift; path = GroupsTableViewController.swift; sourceTree = "<group>"; };
		7956FF2025A5C56C008274F4 /* NewGroupTableViewController.swift */ = {isa = PBXFileReference; lastKnownFileType = sourcecode.swift; path = NewGroupTableViewController.swift; sourceTree = "<group>"; };
		7956FF2325A5C589008274F4 /* GroupsTableViewCell.swift */ = {isa = PBXFileReference; lastKnownFileType = sourcecode.swift; path = GroupsTableViewCell.swift; sourceTree = "<group>"; };
		7956FF2625A5C65E008274F4 /* Group.swift */ = {isa = PBXFileReference; lastKnownFileType = sourcecode.swift; path = Group.swift; sourceTree = "<group>"; };
		7956FF2925A5D7CA008274F4 /* PhotoViewController.swift */ = {isa = PBXFileReference; lastKnownFileType = sourcecode.swift; path = PhotoViewController.swift; sourceTree = "<group>"; };
		7956FF3225A62D81008274F4 /* VKSegue.swift */ = {isa = PBXFileReference; lastKnownFileType = sourcecode.swift; path = VKSegue.swift; sourceTree = "<group>"; };
		7956FF3525A630B8008274F4 /* VKPopAnimator.swift */ = {isa = PBXFileReference; lastKnownFileType = sourcecode.swift; path = VKPopAnimator.swift; sourceTree = "<group>"; };
		7956FF3B25A631B5008274F4 /* VKViewController.swift */ = {isa = PBXFileReference; lastKnownFileType = sourcecode.swift; path = VKViewController.swift; sourceTree = "<group>"; };
		7956FF3F25A63363008274F4 /* VKTransition.swift */ = {isa = PBXFileReference; lastKnownFileType = sourcecode.swift; path = VKTransition.swift; sourceTree = "<group>"; };
		7956FF4325A63558008274F4 /* VKPushAnimator.swift */ = {isa = PBXFileReference; lastKnownFileType = sourcecode.swift; path = VKPushAnimator.swift; sourceTree = "<group>"; };
		7965EA1225ACC239004BFB16 /* Session.swift */ = {isa = PBXFileReference; lastKnownFileType = sourcecode.swift; path = Session.swift; sourceTree = "<group>"; };
		796C0E4E25B4615F006037FD /* WebKit.framework */ = {isa = PBXFileReference; lastKnownFileType = wrapper.framework; name = WebKit.framework; path = System/Library/Frameworks/WebKit.framework; sourceTree = SDKROOT; };
		79ACECA6259F39F40024F414 /* Post.swift */ = {isa = PBXFileReference; lastKnownFileType = sourcecode.swift; path = Post.swift; sourceTree = "<group>"; };
		79ACECB1259F41FE0024F414 /* FeedCollectionViewController.swift */ = {isa = PBXFileReference; lastKnownFileType = sourcecode.swift; path = FeedCollectionViewController.swift; sourceTree = "<group>"; };
		79ACECB4259F43570024F414 /* FeedCollectionViewCell.swift */ = {isa = PBXFileReference; lastKnownFileType = sourcecode.swift; path = FeedCollectionViewCell.swift; sourceTree = "<group>"; };
		79ACECB725A0B4C00024F414 /* FriendsTableViewController.swift */ = {isa = PBXFileReference; lastKnownFileType = sourcecode.swift; path = FriendsTableViewController.swift; sourceTree = "<group>"; };
		79ACECBA25A0B5070024F414 /* Friend.swift */ = {isa = PBXFileReference; lastKnownFileType = sourcecode.swift; path = Friend.swift; sourceTree = "<group>"; };
		79ACECBD25A0C59A0024F414 /* FriendsTableViewCell.swift */ = {isa = PBXFileReference; lastKnownFileType = sourcecode.swift; path = FriendsTableViewCell.swift; sourceTree = "<group>"; };
		79ACECC025A36B0B0024F414 /* NewFriendsTableViewController.swift */ = {isa = PBXFileReference; lastKnownFileType = sourcecode.swift; path = NewFriendsTableViewController.swift; sourceTree = "<group>"; };
		79ACECCB25A38B510024F414 /* Loader.swift */ = {isa = PBXFileReference; lastKnownFileType = sourcecode.swift; path = Loader.swift; sourceTree = "<group>"; };
		79E7109E25B455590059A41D /* NetworkService.swift */ = {isa = PBXFileReference; lastKnownFileType = sourcecode.swift; path = NetworkService.swift; sourceTree = "<group>"; };
		79E710A425B459780059A41D /* VKWebViewController.swift */ = {isa = PBXFileReference; lastKnownFileType = sourcecode.swift; path = VKWebViewController.swift; sourceTree = "<group>"; };
		D65950996EC96FECA9D7D7C1 /* Pods-VK-1.release.xcconfig */ = {isa = PBXFileReference; includeInIndex = 1; lastKnownFileType = text.xcconfig; name = "Pods-VK-1.release.xcconfig"; path = "Target Support Files/Pods-VK-1/Pods-VK-1.release.xcconfig"; sourceTree = "<group>"; };
/* End PBXFileReference section */

/* Begin PBXFrameworksBuildPhase section */
		791F65BE259E177500ECD136 /* Frameworks */ = {
			isa = PBXFrameworksBuildPhase;
			buildActionMask = 2147483647;
			files = (
				796C0E4F25B4615F006037FD /* WebKit.framework in Frameworks */,
				BFB896FB187859F25EE541FD /* Pods_VK_1.framework in Frameworks */,
			);
			runOnlyForDeploymentPostprocessing = 0;
		};
/* End PBXFrameworksBuildPhase section */

/* Begin PBXGroup section */
		791F65B8259E177500ECD136 = {
			isa = PBXGroup;
			children = (
				791F65C3259E177500ECD136 /* VK-1 */,
				791F65C2259E177500ECD136 /* Products */,
				C87540EB79153B67A5FC777A /* Pods */,
				C6149BDDC2CC5D548F947E47 /* Frameworks */,
			);
			sourceTree = "<group>";
		};
		791F65C2259E177500ECD136 /* Products */ = {
			isa = PBXGroup;
			children = (
				791F65C1259E177500ECD136 /* VK-1.app */,
			);
			name = Products;
			sourceTree = "<group>";
		};
		791F65C3259E177500ECD136 /* VK-1 */ = {
			isa = PBXGroup;
			children = (
				79E7109D25B455480059A41D /* NetworkService */,
				7956FF2C25A626F4008274F4 /* UIHelpers */,
				79ACECCA25A38B450024F414 /* Animations */,
				79ACECA5259F39E70024F414 /* Model */,
				79ACECA4259F39DD0024F414 /* Cells */,
				794AD82E25C08F29006CA2D1 /* Storyboards */,
				79ACECA3259F39CE0024F414 /* ViewControllers */,
				791F65C4259E177500ECD136 /* AppDelegate.swift */,
				791F65C6259E177500ECD136 /* SceneDelegate.swift */,
				791F65CD259E177800ECD136 /* Assets.xcassets */,
				7914997525D015C000B9B491 /* GoogleService-Info.plist */,
				791F65D2259E177800ECD136 /* Info.plist */,
			);
			path = "VK-1";
			sourceTree = "<group>";
		};
		794AD82E25C08F29006CA2D1 /* Storyboards */ = {
			isa = PBXGroup;
			children = (
				791F65CF259E177800ECD136 /* LaunchScreen.storyboard */,
				791F65CA259E177500ECD136 /* Main.storyboard */,
			);
			name = Storyboards;
			path = ..;
			sourceTree = "<group>";
		};
		7956FF2C25A626F4008274F4 /* UIHelpers */ = {
			isa = PBXGroup;
			children = (
				790BBEB825B758320039083E /* Extensions.swift */,
				7956FF3225A62D81008274F4 /* VKSegue.swift */,
				7956FF3525A630B8008274F4 /* VKPopAnimator.swift */,
				7956FF3F25A63363008274F4 /* VKTransition.swift */,
				7956FF4325A63558008274F4 /* VKPushAnimator.swift */,
			);
			path = UIHelpers;
			sourceTree = "<group>";
		};
		7956FF3825A63165008274F4 /* NavigationControllers */ = {
			isa = PBXGroup;
			children = (
				7956FF3B25A631B5008274F4 /* VKViewController.swift */,
			);
			path = NavigationControllers;
			sourceTree = "<group>";
		};
		7956FF3925A63174008274F4 /* TableViewControllers */ = {
			isa = PBXGroup;
			children = (
				79ACECB725A0B4C00024F414 /* FriendsTableViewController.swift */,
				79ACECC025A36B0B0024F414 /* NewFriendsTableViewController.swift */,
				7956FF1D25A5C55D008274F4 /* GroupsTableViewController.swift */,
				7956FF2025A5C56C008274F4 /* NewGroupTableViewController.swift */,
			);
			path = TableViewControllers;
			sourceTree = "<group>";
		};
		7956FF3A25A6318F008274F4 /* CollectionViewControllers */ = {
			isa = PBXGroup;
			children = (
				79ACECB1259F41FE0024F414 /* FeedCollectionViewController.swift */,
				79304C5E25A9F25000E58CB4 /* PhotoCollectionViewController.swift */,
				7956FF2925A5D7CA008274F4 /* PhotoViewController.swift */,
			);
			path = CollectionViewControllers;
			sourceTree = "<group>";
		};
		79ACECA3259F39CE0024F414 /* ViewControllers */ = {
			isa = PBXGroup;
			children = (
				7956FF3A25A6318F008274F4 /* CollectionViewControllers */,
				7956FF3925A63174008274F4 /* TableViewControllers */,
				7956FF3825A63165008274F4 /* NavigationControllers */,
				791F65C8259E177500ECD136 /* LoginViewController.swift */,
				79E710A425B459780059A41D /* VKWebViewController.swift */,
			);
			path = ViewControllers;
			sourceTree = "<group>";
		};
		79ACECA4259F39DD0024F414 /* Cells */ = {
			isa = PBXGroup;
			children = (
				79ACECB4259F43570024F414 /* FeedCollectionViewCell.swift */,
				79ACECBD25A0C59A0024F414 /* FriendsTableViewCell.swift */,
				7956FF2325A5C589008274F4 /* GroupsTableViewCell.swift */,
				79304C6125A9F28800E58CB4 /* PhotoCollectionViewCell.swift */,
				79304C6425AA35EE00E58CB4 /* FullPhotoCollectionViewCell.swift */,
			);
			path = Cells;
			sourceTree = "<group>";
		};
		79ACECA5259F39E70024F414 /* Model */ = {
			isa = PBXGroup;
			children = (
				79ACECA6259F39F40024F414 /* Post.swift */,
				79ACECBA25A0B5070024F414 /* Friend.swift */,
				7956FF2625A5C65E008274F4 /* Group.swift */,
				79304C6725AA3DC400E58CB4 /* Photo.swift */,
				7965EA1225ACC239004BFB16 /* Session.swift */,
			);
			path = Model;
			sourceTree = "<group>";
		};
		79ACECCA25A38B450024F414 /* Animations */ = {
			isa = PBXGroup;
			children = (
				79ACECCB25A38B510024F414 /* Loader.swift */,
			);
			path = Animations;
			sourceTree = "<group>";
		};
		79E7109D25B455480059A41D /* NetworkService */ = {
			isa = PBXGroup;
			children = (
				79E7109E25B455590059A41D /* NetworkService.swift */,
			);
			path = NetworkService;
			sourceTree = "<group>";
		};
		C6149BDDC2CC5D548F947E47 /* Frameworks */ = {
			isa = PBXGroup;
			children = (
				796C0E4E25B4615F006037FD /* WebKit.framework */,
				03D33A46522890FD8F289F89 /* Pods_VK_1.framework */,
			);
			name = Frameworks;
			sourceTree = "<group>";
		};
		C87540EB79153B67A5FC777A /* Pods */ = {
			isa = PBXGroup;
			children = (
				0143E18EA27ACA726CAAA9E0 /* Pods-VK-1.debug.xcconfig */,
				D65950996EC96FECA9D7D7C1 /* Pods-VK-1.release.xcconfig */,
			);
			path = Pods;
			sourceTree = "<group>";
		};
/* End PBXGroup section */

/* Begin PBXNativeTarget section */
		791F65C0259E177500ECD136 /* VK-1 */ = {
			isa = PBXNativeTarget;
			buildConfigurationList = 791F65D5259E177800ECD136 /* Build configuration list for PBXNativeTarget "VK-1" */;
			buildPhases = (
				49F0C2362A9B2644E3A8CAB0 /* [CP] Check Pods Manifest.lock */,
				791F65BD259E177500ECD136 /* Sources */,
				791F65BE259E177500ECD136 /* Frameworks */,
				791F65BF259E177500ECD136 /* Resources */,
				B8AD66F94742B0C78E05CBCA /* [CP] Embed Pods Frameworks */,
			);
			buildRules = (
			);
			dependencies = (
			);
			name = "VK-1";
			productName = "VK-1";
			productReference = 791F65C1259E177500ECD136 /* VK-1.app */;
			productType = "com.apple.product-type.application";
		};
/* End PBXNativeTarget section */

/* Begin PBXProject section */
		791F65B9259E177500ECD136 /* Project object */ = {
			isa = PBXProject;
			attributes = {
				LastSwiftUpdateCheck = 1230;
				LastUpgradeCheck = 1230;
				TargetAttributes = {
					791F65C0259E177500ECD136 = {
						CreatedOnToolsVersion = 12.3;
					};
				};
			};
			buildConfigurationList = 791F65BC259E177500ECD136 /* Build configuration list for PBXProject "VK-1" */;
			compatibilityVersion = "Xcode 9.3";
			developmentRegion = en;
			hasScannedForEncodings = 0;
			knownRegions = (
				en,
				Base,
			);
			mainGroup = 791F65B8259E177500ECD136;
			productRefGroup = 791F65C2259E177500ECD136 /* Products */;
			projectDirPath = "";
			projectRoot = "";
			targets = (
				791F65C0259E177500ECD136 /* VK-1 */,
			);
		};
/* End PBXProject section */

/* Begin PBXResourcesBuildPhase section */
		791F65BF259E177500ECD136 /* Resources */ = {
			isa = PBXResourcesBuildPhase;
			buildActionMask = 2147483647;
			files = (
				791F65D1259E177800ECD136 /* LaunchScreen.storyboard in Resources */,
				7914997625D015C000B9B491 /* GoogleService-Info.plist in Resources */,
				791F65CE259E177800ECD136 /* Assets.xcassets in Resources */,
				791F65CC259E177500ECD136 /* Main.storyboard in Resources */,
			);
			runOnlyForDeploymentPostprocessing = 0;
		};
/* End PBXResourcesBuildPhase section */

/* Begin PBXShellScriptBuildPhase section */
		49F0C2362A9B2644E3A8CAB0 /* [CP] Check Pods Manifest.lock */ = {
			isa = PBXShellScriptBuildPhase;
			buildActionMask = 2147483647;
			files = (
			);
			inputFileListPaths = (
			);
			inputPaths = (
				"${PODS_PODFILE_DIR_PATH}/Podfile.lock",
				"${PODS_ROOT}/Manifest.lock",
			);
			name = "[CP] Check Pods Manifest.lock";
			outputFileListPaths = (
			);
			outputPaths = (
				"$(DERIVED_FILE_DIR)/Pods-VK-1-checkManifestLockResult.txt",
			);
			runOnlyForDeploymentPostprocessing = 0;
			shellPath = /bin/sh;
			shellScript = "diff \"${PODS_PODFILE_DIR_PATH}/Podfile.lock\" \"${PODS_ROOT}/Manifest.lock\" > /dev/null\nif [ $? != 0 ] ; then\n    # print error to STDERR\n    echo \"error: The sandbox is not in sync with the Podfile.lock. Run 'pod install' or update your CocoaPods installation.\" >&2\n    exit 1\nfi\n# This output is used by Xcode 'outputs' to avoid re-running this script phase.\necho \"SUCCESS\" > \"${SCRIPT_OUTPUT_FILE_0}\"\n";
			showEnvVarsInLog = 0;
		};
		B8AD66F94742B0C78E05CBCA /* [CP] Embed Pods Frameworks */ = {
			isa = PBXShellScriptBuildPhase;
			buildActionMask = 2147483647;
			files = (
			);
			inputFileListPaths = (
				"${PODS_ROOT}/Target Support Files/Pods-VK-1/Pods-VK-1-frameworks-${CONFIGURATION}-input-files.xcfilelist",
			);
			name = "[CP] Embed Pods Frameworks";
			outputFileListPaths = (
				"${PODS_ROOT}/Target Support Files/Pods-VK-1/Pods-VK-1-frameworks-${CONFIGURATION}-output-files.xcfilelist",
			);
			runOnlyForDeploymentPostprocessing = 0;
			shellPath = /bin/sh;
			shellScript = "\"${PODS_ROOT}/Target Support Files/Pods-VK-1/Pods-VK-1-frameworks.sh\"\n";
			showEnvVarsInLog = 0;
		};
/* End PBXShellScriptBuildPhase section */

/* Begin PBXSourcesBuildPhase section */
		791F65BD259E177500ECD136 /* Sources */ = {
			isa = PBXSourcesBuildPhase;
			buildActionMask = 2147483647;
			files = (
				79ACECBE25A0C59A0024F414 /* FriendsTableViewCell.swift in Sources */,
				79ACECA7259F39F40024F414 /* Post.swift in Sources */,
				79E710A525B459780059A41D /* VKWebViewController.swift in Sources */,
				79ACECB2259F41FE0024F414 /* FeedCollectionViewController.swift in Sources */,
				7956FF3625A630B8008274F4 /* VKPopAnimator.swift in Sources */,
				7956FF2725A5C65E008274F4 /* Group.swift in Sources */,
				7956FF2425A5C589008274F4 /* GroupsTableViewCell.swift in Sources */,
				790BBEB925B758320039083E /* Extensions.swift in Sources */,
				7956FF2125A5C56C008274F4 /* NewGroupTableViewController.swift in Sources */,
				79ACECB5259F43570024F414 /* FeedCollectionViewCell.swift in Sources */,
				79304C6525AA35EE00E58CB4 /* FullPhotoCollectionViewCell.swift in Sources */,
				79304C6825AA3DC400E58CB4 /* Photo.swift in Sources */,
				791F65C9259E177500ECD136 /* LoginViewController.swift in Sources */,
				79304C6225A9F28800E58CB4 /* PhotoCollectionViewCell.swift in Sources */,
				7956FF1E25A5C55D008274F4 /* GroupsTableViewController.swift in Sources */,
				79E7109F25B455590059A41D /* NetworkService.swift in Sources */,
				7956FF3C25A631B5008274F4 /* VKViewController.swift in Sources */,
				7956FF4425A63558008274F4 /* VKPushAnimator.swift in Sources */,
				791F65C5259E177500ECD136 /* AppDelegate.swift in Sources */,
				79ACECC125A36B0B0024F414 /* NewFriendsTableViewController.swift in Sources */,
				79ACECB825A0B4C00024F414 /* FriendsTableViewController.swift in Sources */,
				79ACECCC25A38B510024F414 /* Loader.swift in Sources */,
				7956FF2A25A5D7CA008274F4 /* PhotoViewController.swift in Sources */,
				7965EA1325ACC239004BFB16 /* Session.swift in Sources */,
				7956FF3325A62D81008274F4 /* VKSegue.swift in Sources */,
				7956FF4025A63363008274F4 /* VKTransition.swift in Sources */,
				79304C5F25A9F25000E58CB4 /* PhotoCollectionViewController.swift in Sources */,
				791F65C7259E177500ECD136 /* SceneDelegate.swift in Sources */,
				79ACECBB25A0B5070024F414 /* Friend.swift in Sources */,
			);
			runOnlyForDeploymentPostprocessing = 0;
		};
/* End PBXSourcesBuildPhase section */

/* Begin PBXVariantGroup section */
		791F65CA259E177500ECD136 /* Main.storyboard */ = {
			isa = PBXVariantGroup;
			children = (
				791F65CB259E177500ECD136 /* Base */,
			);
			name = Main.storyboard;
			sourceTree = "<group>";
		};
		791F65CF259E177800ECD136 /* LaunchScreen.storyboard */ = {
			isa = PBXVariantGroup;
			children = (
				791F65D0259E177800ECD136 /* Base */,
			);
			name = LaunchScreen.storyboard;
			sourceTree = "<group>";
		};
/* End PBXVariantGroup section */

/* Begin XCBuildConfiguration section */
		791F65D3259E177800ECD136 /* Debug */ = {
			isa = XCBuildConfiguration;
			buildSettings = {
				ALWAYS_SEARCH_USER_PATHS = NO;
				CLANG_ANALYZER_NONNULL = YES;
				CLANG_ANALYZER_NUMBER_OBJECT_CONVERSION = YES_AGGRESSIVE;
				CLANG_CXX_LANGUAGE_STANDARD = "gnu++14";
				CLANG_CXX_LIBRARY = "libc++";
				CLANG_ENABLE_MODULES = YES;
				CLANG_ENABLE_OBJC_ARC = YES;
				CLANG_ENABLE_OBJC_WEAK = YES;
				CLANG_WARN_BLOCK_CAPTURE_AUTORELEASING = YES;
				CLANG_WARN_BOOL_CONVERSION = YES;
				CLANG_WARN_COMMA = YES;
				CLANG_WARN_CONSTANT_CONVERSION = YES;
				CLANG_WARN_DEPRECATED_OBJC_IMPLEMENTATIONS = YES;
				CLANG_WARN_DIRECT_OBJC_ISA_USAGE = YES_ERROR;
				CLANG_WARN_DOCUMENTATION_COMMENTS = YES;
				CLANG_WARN_EMPTY_BODY = YES;
				CLANG_WARN_ENUM_CONVERSION = YES;
				CLANG_WARN_INFINITE_RECURSION = YES;
				CLANG_WARN_INT_CONVERSION = YES;
				CLANG_WARN_NON_LITERAL_NULL_CONVERSION = YES;
				CLANG_WARN_OBJC_IMPLICIT_RETAIN_SELF = YES;
				CLANG_WARN_OBJC_LITERAL_CONVERSION = YES;
				CLANG_WARN_OBJC_ROOT_CLASS = YES_ERROR;
				CLANG_WARN_QUOTED_INCLUDE_IN_FRAMEWORK_HEADER = YES;
				CLANG_WARN_RANGE_LOOP_ANALYSIS = YES;
				CLANG_WARN_STRICT_PROTOTYPES = YES;
				CLANG_WARN_SUSPICIOUS_MOVE = YES;
				CLANG_WARN_UNGUARDED_AVAILABILITY = YES_AGGRESSIVE;
				CLANG_WARN_UNREACHABLE_CODE = YES;
				CLANG_WARN__DUPLICATE_METHOD_MATCH = YES;
				COPY_PHASE_STRIP = NO;
				DEBUG_INFORMATION_FORMAT = dwarf;
				ENABLE_STRICT_OBJC_MSGSEND = YES;
				ENABLE_TESTABILITY = YES;
				GCC_C_LANGUAGE_STANDARD = gnu11;
				GCC_DYNAMIC_NO_PIC = NO;
				GCC_NO_COMMON_BLOCKS = YES;
				GCC_OPTIMIZATION_LEVEL = 0;
				GCC_PREPROCESSOR_DEFINITIONS = (
					"DEBUG=1",
					"$(inherited)",
				);
				GCC_WARN_64_TO_32_BIT_CONVERSION = YES;
				GCC_WARN_ABOUT_RETURN_TYPE = YES_ERROR;
				GCC_WARN_UNDECLARED_SELECTOR = YES;
				GCC_WARN_UNINITIALIZED_AUTOS = YES_AGGRESSIVE;
				GCC_WARN_UNUSED_FUNCTION = YES;
				GCC_WARN_UNUSED_VARIABLE = YES;
				IPHONEOS_DEPLOYMENT_TARGET = 14.3;
				MTL_ENABLE_DEBUG_INFO = INCLUDE_SOURCE;
				MTL_FAST_MATH = YES;
				ONLY_ACTIVE_ARCH = YES;
				SDKROOT = iphoneos;
				SWIFT_ACTIVE_COMPILATION_CONDITIONS = DEBUG;
				SWIFT_OPTIMIZATION_LEVEL = "-Onone";
			};
			name = Debug;
		};
		791F65D4259E177800ECD136 /* Release */ = {
			isa = XCBuildConfiguration;
			buildSettings = {
				ALWAYS_SEARCH_USER_PATHS = NO;
				CLANG_ANALYZER_NONNULL = YES;
				CLANG_ANALYZER_NUMBER_OBJECT_CONVERSION = YES_AGGRESSIVE;
				CLANG_CXX_LANGUAGE_STANDARD = "gnu++14";
				CLANG_CXX_LIBRARY = "libc++";
				CLANG_ENABLE_MODULES = YES;
				CLANG_ENABLE_OBJC_ARC = YES;
				CLANG_ENABLE_OBJC_WEAK = YES;
				CLANG_WARN_BLOCK_CAPTURE_AUTORELEASING = YES;
				CLANG_WARN_BOOL_CONVERSION = YES;
				CLANG_WARN_COMMA = YES;
				CLANG_WARN_CONSTANT_CONVERSION = YES;
				CLANG_WARN_DEPRECATED_OBJC_IMPLEMENTATIONS = YES;
				CLANG_WARN_DIRECT_OBJC_ISA_USAGE = YES_ERROR;
				CLANG_WARN_DOCUMENTATION_COMMENTS = YES;
				CLANG_WARN_EMPTY_BODY = YES;
				CLANG_WARN_ENUM_CONVERSION = YES;
				CLANG_WARN_INFINITE_RECURSION = YES;
				CLANG_WARN_INT_CONVERSION = YES;
				CLANG_WARN_NON_LITERAL_NULL_CONVERSION = YES;
				CLANG_WARN_OBJC_IMPLICIT_RETAIN_SELF = YES;
				CLANG_WARN_OBJC_LITERAL_CONVERSION = YES;
				CLANG_WARN_OBJC_ROOT_CLASS = YES_ERROR;
				CLANG_WARN_QUOTED_INCLUDE_IN_FRAMEWORK_HEADER = YES;
				CLANG_WARN_RANGE_LOOP_ANALYSIS = YES;
				CLANG_WARN_STRICT_PROTOTYPES = YES;
				CLANG_WARN_SUSPICIOUS_MOVE = YES;
				CLANG_WARN_UNGUARDED_AVAILABILITY = YES_AGGRESSIVE;
				CLANG_WARN_UNREACHABLE_CODE = YES;
				CLANG_WARN__DUPLICATE_METHOD_MATCH = YES;
				COPY_PHASE_STRIP = NO;
				DEBUG_INFORMATION_FORMAT = "dwarf-with-dsym";
				ENABLE_NS_ASSERTIONS = NO;
				ENABLE_STRICT_OBJC_MSGSEND = YES;
				GCC_C_LANGUAGE_STANDARD = gnu11;
				GCC_NO_COMMON_BLOCKS = YES;
				GCC_WARN_64_TO_32_BIT_CONVERSION = YES;
				GCC_WARN_ABOUT_RETURN_TYPE = YES_ERROR;
				GCC_WARN_UNDECLARED_SELECTOR = YES;
				GCC_WARN_UNINITIALIZED_AUTOS = YES_AGGRESSIVE;
				GCC_WARN_UNUSED_FUNCTION = YES;
				GCC_WARN_UNUSED_VARIABLE = YES;
				IPHONEOS_DEPLOYMENT_TARGET = 14.3;
				MTL_ENABLE_DEBUG_INFO = NO;
				MTL_FAST_MATH = YES;
				SDKROOT = iphoneos;
				SWIFT_COMPILATION_MODE = wholemodule;
				SWIFT_OPTIMIZATION_LEVEL = "-O";
				VALIDATE_PRODUCT = YES;
			};
			name = Release;
		};
		791F65D6259E177800ECD136 /* Debug */ = {
			isa = XCBuildConfiguration;
			baseConfigurationReference = 0143E18EA27ACA726CAAA9E0 /* Pods-VK-1.debug.xcconfig */;
			buildSettings = {
				ASSETCATALOG_COMPILER_APPICON_NAME = AppIcon;
				ASSETCATALOG_COMPILER_GLOBAL_ACCENT_COLOR_NAME = AccentColor;
				CODE_SIGN_STYLE = Automatic;
				DEVELOPMENT_TEAM = 72QPQ3P58F;
				INFOPLIST_FILE = "VK-1/Info.plist";
				IPHONEOS_DEPLOYMENT_TARGET = 13.1;
				LD_RUNPATH_SEARCH_PATHS = (
					"$(inherited)",
					"@executable_path/Frameworks",
				);
				PRODUCT_BUNDLE_IDENTIFIER = "EG.VK-1";
				PRODUCT_NAME = "$(TARGET_NAME)";
				SWIFT_VERSION = 5.0;
				TARGETED_DEVICE_FAMILY = "1,2";
			};
			name = Debug;
		};
		791F65D7259E177800ECD136 /* Release */ = {
			isa = XCBuildConfiguration;
			baseConfigurationReference = D65950996EC96FECA9D7D7C1 /* Pods-VK-1.release.xcconfig */;
			buildSettings = {
				ASSETCATALOG_COMPILER_APPICON_NAME = AppIcon;
				ASSETCATALOG_COMPILER_GLOBAL_ACCENT_COLOR_NAME = AccentColor;
				CODE_SIGN_STYLE = Automatic;
				DEVELOPMENT_TEAM = 72QPQ3P58F;
				INFOPLIST_FILE = "VK-1/Info.plist";
				IPHONEOS_DEPLOYMENT_TARGET = 13.1;
				LD_RUNPATH_SEARCH_PATHS = (
					"$(inherited)",
					"@executable_path/Frameworks",
				);
				PRODUCT_BUNDLE_IDENTIFIER = "EG.VK-1";
				PRODUCT_NAME = "$(TARGET_NAME)";
				SWIFT_VERSION = 5.0;
				TARGETED_DEVICE_FAMILY = "1,2";
			};
			name = Release;
		};
/* End XCBuildConfiguration section */

/* Begin XCConfigurationList section */
		791F65BC259E177500ECD136 /* Build configuration list for PBXProject "VK-1" */ = {
			isa = XCConfigurationList;
			buildConfigurations = (
				791F65D3259E177800ECD136 /* Debug */,
				791F65D4259E177800ECD136 /* Release */,
			);
			defaultConfigurationIsVisible = 0;
			defaultConfigurationName = Release;
		};
		791F65D5259E177800ECD136 /* Build configuration list for PBXNativeTarget "VK-1" */ = {
			isa = XCConfigurationList;
			buildConfigurations = (
				791F65D6259E177800ECD136 /* Debug */,
				791F65D7259E177800ECD136 /* Release */,
			);
			defaultConfigurationIsVisible = 0;
			defaultConfigurationName = Release;
		};
/* End XCConfigurationList section */
	};
	rootObject = 791F65B9259E177500ECD136 /* Project object */;
}
